
Microsoft Visual Studio Solution File, Format Version 12.00
# Visual Studio Version 17
VisualStudioVersion = 17.0.31903.59
MinimumVisualStudioVersion = 10.0.40219.1
Project("{2150E333-8FDC-42A3-9474-1A3956D46DE8}") = "src", "src", "{EB45CD6A-38F9-493D-84A2-7594284F022D}"
EndProject
Project("{FAE04EC0-301F-11D3-BF4B-00C04F79EFBC}") = "EFPlayground", "src\EFPlayground\EFPlayground.csproj", "{90A9CBE8-0716-4AC1-8FF9-9594FC2C569B}"
EndProject
Project("{FAE04EC0-301F-11D3-BF4B-00C04F79EFBC}") = "EFDatabaseContext", "src\EFDatabaseContext\EFDatabaseContext.csproj", "{72225BE9-AEEE-4753-B156-7C345A3C4741}"
EndProject
Project("{FAE04EC0-301F-11D3-BF4B-00C04F79EFBC}") = "EFDatabaseMigration", "src\EFDatabaseMigration\EFDatabaseMigration.csproj", "{B618512E-9A81-4472-B7E5-185C79222258}"
EndProject
Global
	GlobalSection(SolutionConfigurationPlatforms) = preSolution
		Debug|Any CPU = Debug|Any CPU
		Release|Any CPU = Release|Any CPU
	EndGlobalSection
	GlobalSection(SolutionProperties) = preSolution
		HideSolutionNode = FALSE
	EndGlobalSection
	GlobalSection(ProjectConfigurationPlatforms) = postSolution
		{90A9CBE8-0716-4AC1-8FF9-9594FC2C569B}.Debug|Any CPU.ActiveCfg = Debug|Any CPU
		{90A9CBE8-0716-4AC1-8FF9-9594FC2C569B}.Debug|Any CPU.Build.0 = Debug|Any CPU
		{90A9CBE8-0716-4AC1-8FF9-9594FC2C569B}.Release|Any CPU.ActiveCfg = Release|Any CPU
		{90A9CBE8-0716-4AC1-8FF9-9594FC2C569B}.Release|Any CPU.Build.0 = Release|Any CPU
		{72225BE9-AEEE-4753-B156-7C345A3C4741}.Debug|Any CPU.ActiveCfg = Debug|Any CPU
		{72225BE9-AEEE-4753-B156-7C345A3C4741}.Debug|Any CPU.Build.0 = Debug|Any CPU
		{72225BE9-AEEE-4753-B156-7C345A3C4741}.Release|Any CPU.ActiveCfg = Release|Any CPU
		{72225BE9-AEEE-4753-B156-7C345A3C4741}.Release|Any CPU.Build.0 = Release|Any CPU
		{B618512E-9A81-4472-B7E5-185C79222258}.Debug|Any CPU.ActiveCfg = Debug|Any CPU
		{B618512E-9A81-4472-B7E5-185C79222258}.Debug|Any CPU.Build.0 = Debug|Any CPU
		{B618512E-9A81-4472-B7E5-185C79222258}.Release|Any CPU.ActiveCfg = Release|Any CPU
		{B618512E-9A81-4472-B7E5-185C79222258}.Release|Any CPU.Build.0 = Release|Any CPU
	EndGlobalSection
	GlobalSection(NestedProjects) = preSolution
		{90A9CBE8-0716-4AC1-8FF9-9594FC2C569B} = {EB45CD6A-38F9-493D-84A2-7594284F022D}
		{72225BE9-AEEE-4753-B156-7C345A3C4741} = {EB45CD6A-38F9-493D-84A2-7594284F022D}
		{B618512E-9A81-4472-B7E5-185C79222258} = {EB45CD6A-38F9-493D-84A2-7594284F022D}
	EndGlobalSection
EndGlobal
